// !$*UTF8*$!
{
	archiveVersion = 1;
	classes = {
	};
	objectVersion = 55;
	objects = {

/* Begin PBXBuildFile section */
		2A94CAEF27BAC311005BAA75 /* AppDelegate.swift in Sources */ = {isa = PBXBuildFile; fileRef = 2A94CAEE27BAC311005BAA75 /* AppDelegate.swift */; };
		2A94CAF127BAC311005BAA75 /* SceneDelegate.swift in Sources */ = {isa = PBXBuildFile; fileRef = 2A94CAF027BAC311005BAA75 /* SceneDelegate.swift */; };
		2A94CAF327BAC312005BAA75 /* ViewController.swift in Sources */ = {isa = PBXBuildFile; fileRef = 2A94CAF227BAC312005BAA75 /* ViewController.swift */; };
		2A94CAF627BAC312005BAA75 /* Main.storyboard in Resources */ = {isa = PBXBuildFile; fileRef = 2A94CAF427BAC312005BAA75 /* Main.storyboard */; };
		2A94CAF827BAC314005BAA75 /* Assets.xcassets in Resources */ = {isa = PBXBuildFile; fileRef = 2A94CAF727BAC314005BAA75 /* Assets.xcassets */; };
		2A94CAFB27BAC314005BAA75 /* LaunchScreen.storyboard in Resources */ = {isa = PBXBuildFile; fileRef = 2A94CAF927BAC314005BAA75 /* LaunchScreen.storyboard */; };
		2A94CB0627BAC314005BAA75 /* FlixTests.swift in Sources */ = {isa = PBXBuildFile; fileRef = 2A94CB0527BAC314005BAA75 /* FlixTests.swift */; };
		2A94CB1027BAC314005BAA75 /* FlixUITests.swift in Sources */ = {isa = PBXBuildFile; fileRef = 2A94CB0F27BAC314005BAA75 /* FlixUITests.swift */; };
		2A94CB1227BAC314005BAA75 /* FlixUITestsLaunchTests.swift in Sources */ = {isa = PBXBuildFile; fileRef = 2A94CB1127BAC314005BAA75 /* FlixUITestsLaunchTests.swift */; };
		2A94CB1F27BACB03005BAA75 /* MoviesViewController.swift in Sources */ = {isa = PBXBuildFile; fileRef = 2A94CB1E27BACB03005BAA75 /* MoviesViewController.swift */; };
		2A94CB2727BAE29D005BAA75 /* MovieCell.swift in Sources */ = {isa = PBXBuildFile; fileRef = 2A94CB2627BAE29D005BAA75 /* MovieCell.swift */; };
		2A94CB2A27BAE8C3005BAA75 /* AlamofireImage in Frameworks */ = {isa = PBXBuildFile; productRef = 2A94CB2927BAE8C3005BAA75 /* AlamofireImage */; };
		2AB092AB27C59EF10047A2C2 /* MovieDetailsViewController.swift in Sources */ = {isa = PBXBuildFile; fileRef = 2AB092AA27C59EF10047A2C2 /* MovieDetailsViewController.swift */; };
		2AB092AD27C60D440047A2C2 /* MovieGridViewController.swift in Sources */ = {isa = PBXBuildFile; fileRef = 2AB092AC27C60D440047A2C2 /* MovieGridViewController.swift */; };
		2AB092AF27C611900047A2C2 /* MovieGridCell.swift in Sources */ = {isa = PBXBuildFile; fileRef = 2AB092AE27C611900047A2C2 /* MovieGridCell.swift */; };
		87F27D93F6AADC0AECC6F987 /* Pods_Flix.framework in Frameworks */ = {isa = PBXBuildFile; fileRef = 21A9F17988360AE8E8828012 /* Pods_Flix.framework */; };
		E2D801830972F104FA52EE5E /* Pods_FlixTests.framework in Frameworks */ = {isa = PBXBuildFile; fileRef = CA9942DA37A4C93D39BF0D75 /* Pods_FlixTests.framework */; };
		FF139FEA9D4D7FEEDD4BEE24 /* Pods_Flix_FlixUITests.framework in Frameworks */ = {isa = PBXBuildFile; fileRef = 4EDB31070792082BC2548CD4 /* Pods_Flix_FlixUITests.framework */; };
/* End PBXBuildFile section */

/* Begin PBXContainerItemProxy section */
		2A94CB0227BAC314005BAA75 /* PBXContainerItemProxy */ = {
			isa = PBXContainerItemProxy;
			containerPortal = 2A94CAE327BAC311005BAA75 /* Project object */;
			proxyType = 1;
			remoteGlobalIDString = 2A94CAEA27BAC311005BAA75;
			remoteInfo = Flix;
		};
		2A94CB0C27BAC314005BAA75 /* PBXContainerItemProxy */ = {
			isa = PBXContainerItemProxy;
			containerPortal = 2A94CAE327BAC311005BAA75 /* Project object */;
			proxyType = 1;
			remoteGlobalIDString = 2A94CAEA27BAC311005BAA75;
			remoteInfo = Flix;
		};
/* End PBXContainerItemProxy section */

/* Begin PBXFileReference section */
		1C27C5940E970D6D089736FC /* Pods-Flix.debug.xcconfig */ = {isa = PBXFileReference; includeInIndex = 1; lastKnownFileType = text.xcconfig; name = "Pods-Flix.debug.xcconfig"; path = "Target Support Files/Pods-Flix/Pods-Flix.debug.xcconfig"; sourceTree = "<group>"; };
		21A9F17988360AE8E8828012 /* Pods_Flix.framework */ = {isa = PBXFileReference; explicitFileType = wrapper.framework; includeInIndex = 0; path = Pods_Flix.framework; sourceTree = BUILT_PRODUCTS_DIR; };
		2A94CAEB27BAC311005BAA75 /* Flix.app */ = {isa = PBXFileReference; explicitFileType = wrapper.application; includeInIndex = 0; path = Flix.app; sourceTree = BUILT_PRODUCTS_DIR; };
		2A94CAEE27BAC311005BAA75 /* AppDelegate.swift */ = {isa = PBXFileReference; lastKnownFileType = sourcecode.swift; path = AppDelegate.swift; sourceTree = "<group>"; };
		2A94CAF027BAC311005BAA75 /* SceneDelegate.swift */ = {isa = PBXFileReference; lastKnownFileType = sourcecode.swift; path = SceneDelegate.swift; sourceTree = "<group>"; };
		2A94CAF227BAC312005BAA75 /* ViewController.swift */ = {isa = PBXFileReference; lastKnownFileType = sourcecode.swift; path = ViewController.swift; sourceTree = "<group>"; };
		2A94CAF527BAC312005BAA75 /* Base */ = {isa = PBXFileReference; lastKnownFileType = file.storyboard; name = Base; path = Base.lproj/Main.storyboard; sourceTree = "<group>"; };
		2A94CAF727BAC314005BAA75 /* Assets.xcassets */ = {isa = PBXFileReference; lastKnownFileType = folder.assetcatalog; path = Assets.xcassets; sourceTree = "<group>"; };
		2A94CAFA27BAC314005BAA75 /* Base */ = {isa = PBXFileReference; lastKnownFileType = file.storyboard; name = Base; path = Base.lproj/LaunchScreen.storyboard; sourceTree = "<group>"; };
		2A94CAFC27BAC314005BAA75 /* Info.plist */ = {isa = PBXFileReference; lastKnownFileType = text.plist.xml; path = Info.plist; sourceTree = "<group>"; };
		2A94CB0127BAC314005BAA75 /* FlixTests.xctest */ = {isa = PBXFileReference; explicitFileType = wrapper.cfbundle; includeInIndex = 0; path = FlixTests.xctest; sourceTree = BUILT_PRODUCTS_DIR; };
		2A94CB0527BAC314005BAA75 /* FlixTests.swift */ = {isa = PBXFileReference; lastKnownFileType = sourcecode.swift; path = FlixTests.swift; sourceTree = "<group>"; };
		2A94CB0B27BAC314005BAA75 /* FlixUITests.xctest */ = {isa = PBXFileReference; explicitFileType = wrapper.cfbundle; includeInIndex = 0; path = FlixUITests.xctest; sourceTree = BUILT_PRODUCTS_DIR; };
		2A94CB0F27BAC314005BAA75 /* FlixUITests.swift */ = {isa = PBXFileReference; lastKnownFileType = sourcecode.swift; path = FlixUITests.swift; sourceTree = "<group>"; };
		2A94CB1127BAC314005BAA75 /* FlixUITestsLaunchTests.swift */ = {isa = PBXFileReference; lastKnownFileType = sourcecode.swift; path = FlixUITestsLaunchTests.swift; sourceTree = "<group>"; };
		2A94CB1E27BACB03005BAA75 /* MoviesViewController.swift */ = {isa = PBXFileReference; lastKnownFileType = sourcecode.swift; path = MoviesViewController.swift; sourceTree = "<group>"; };
		2A94CB2627BAE29D005BAA75 /* MovieCell.swift */ = {isa = PBXFileReference; lastKnownFileType = sourcecode.swift; path = MovieCell.swift; sourceTree = "<group>"; };
		2AB092AA27C59EF10047A2C2 /* MovieDetailsViewController.swift */ = {isa = PBXFileReference; lastKnownFileType = sourcecode.swift; path = MovieDetailsViewController.swift; sourceTree = "<group>"; };
		2AB092AC27C60D440047A2C2 /* MovieGridViewController.swift */ = {isa = PBXFileReference; lastKnownFileType = sourcecode.swift; path = MovieGridViewController.swift; sourceTree = "<group>"; };
		2AB092AE27C611900047A2C2 /* MovieGridCell.swift */ = {isa = PBXFileReference; lastKnownFileType = sourcecode.swift; path = MovieGridCell.swift; sourceTree = "<group>"; };
		4EDB31070792082BC2548CD4 /* Pods_Flix_FlixUITests.framework */ = {isa = PBXFileReference; explicitFileType = wrapper.framework; includeInIndex = 0; path = Pods_Flix_FlixUITests.framework; sourceTree = BUILT_PRODUCTS_DIR; };
		62B153699EAF05EB0488B7E3 /* Pods-Flix-FlixUITests.release.xcconfig */ = {isa = PBXFileReference; includeInIndex = 1; lastKnownFileType = text.xcconfig; name = "Pods-Flix-FlixUITests.release.xcconfig"; path = "Target Support Files/Pods-Flix-FlixUITests/Pods-Flix-FlixUITests.release.xcconfig"; sourceTree = "<group>"; };
		8A6C8FB23EA5103872E05B78 /* Pods-Flix.release.xcconfig */ = {isa = PBXFileReference; includeInIndex = 1; lastKnownFileType = text.xcconfig; name = "Pods-Flix.release.xcconfig"; path = "Target Support Files/Pods-Flix/Pods-Flix.release.xcconfig"; sourceTree = "<group>"; };
		8B80FB8BF6F795E17296C05D /* Pods-FlixTests.release.xcconfig */ = {isa = PBXFileReference; includeInIndex = 1; lastKnownFileType = text.xcconfig; name = "Pods-FlixTests.release.xcconfig"; path = "Target Support Files/Pods-FlixTests/Pods-FlixTests.release.xcconfig"; sourceTree = "<group>"; };
		AE8F2EA5205917BE146E81D4 /* Pods-Flix-FlixUITests.debug.xcconfig */ = {isa = PBXFileReference; includeInIndex = 1; lastKnownFileType = text.xcconfig; name = "Pods-Flix-FlixUITests.debug.xcconfig"; path = "Target Support Files/Pods-Flix-FlixUITests/Pods-Flix-FlixUITests.debug.xcconfig"; sourceTree = "<group>"; };
		CA9942DA37A4C93D39BF0D75 /* Pods_FlixTests.framework */ = {isa = PBXFileReference; explicitFileType = wrapper.framework; includeInIndex = 0; path = Pods_FlixTests.framework; sourceTree = BUILT_PRODUCTS_DIR; };
		F45614600C00CC451F5B6861 /* Pods-FlixTests.debug.xcconfig */ = {isa = PBXFileReference; includeInIndex = 1; lastKnownFileType = text.xcconfig; name = "Pods-FlixTests.debug.xcconfig"; path = "Target Support Files/Pods-FlixTests/Pods-FlixTests.debug.xcconfig"; sourceTree = "<group>"; };
/* End PBXFileReference section */

/* Begin PBXFrameworksBuildPhase section */
		2A94CAE827BAC311005BAA75 /* Frameworks */ = {
			isa = PBXFrameworksBuildPhase;
			buildActionMask = 2147483647;
			files = (
				2A94CB2A27BAE8C3005BAA75 /* AlamofireImage in Frameworks */,
				87F27D93F6AADC0AECC6F987 /* Pods_Flix.framework in Frameworks */,
			);
			runOnlyForDeploymentPostprocessing = 0;
		};
		2A94CAFE27BAC314005BAA75 /* Frameworks */ = {
			isa = PBXFrameworksBuildPhase;
			buildActionMask = 2147483647;
			files = (
				E2D801830972F104FA52EE5E /* Pods_FlixTests.framework in Frameworks */,
			);
			runOnlyForDeploymentPostprocessing = 0;
		};
		2A94CB0827BAC314005BAA75 /* Frameworks */ = {
			isa = PBXFrameworksBuildPhase;
			buildActionMask = 2147483647;
			files = (
				FF139FEA9D4D7FEEDD4BEE24 /* Pods_Flix_FlixUITests.framework in Frameworks */,
			);
			runOnlyForDeploymentPostprocessing = 0;
		};
/* End PBXFrameworksBuildPhase section */

/* Begin PBXGroup section */
		1B6EB4A0C9B92506EA1FF3AA /* Pods */ = {
			isa = PBXGroup;
			children = (
				1C27C5940E970D6D089736FC /* Pods-Flix.debug.xcconfig */,
				8A6C8FB23EA5103872E05B78 /* Pods-Flix.release.xcconfig */,
				AE8F2EA5205917BE146E81D4 /* Pods-Flix-FlixUITests.debug.xcconfig */,
				62B153699EAF05EB0488B7E3 /* Pods-Flix-FlixUITests.release.xcconfig */,
				F45614600C00CC451F5B6861 /* Pods-FlixTests.debug.xcconfig */,
				8B80FB8BF6F795E17296C05D /* Pods-FlixTests.release.xcconfig */,
			);
			path = Pods;
			sourceTree = "<group>";
		};
		2A94CAE227BAC311005BAA75 = {
			isa = PBXGroup;
			children = (
				2A94CAED27BAC311005BAA75 /* Flix */,
				2A94CB0427BAC314005BAA75 /* FlixTests */,
				2A94CB0E27BAC314005BAA75 /* FlixUITests */,
				2A94CAEC27BAC311005BAA75 /* Products */,
				1B6EB4A0C9B92506EA1FF3AA /* Pods */,
				EDC33C15F0098C18BD46EC96 /* Frameworks */,
			);
			sourceTree = "<group>";
		};
		2A94CAEC27BAC311005BAA75 /* Products */ = {
			isa = PBXGroup;
			children = (
				2A94CAEB27BAC311005BAA75 /* Flix.app */,
				2A94CB0127BAC314005BAA75 /* FlixTests.xctest */,
				2A94CB0B27BAC314005BAA75 /* FlixUITests.xctest */,
			);
			name = Products;
			sourceTree = "<group>";
		};
		2A94CAED27BAC311005BAA75 /* Flix */ = {
			isa = PBXGroup;
			children = (
				2A94CAEE27BAC311005BAA75 /* AppDelegate.swift */,
				2A94CAF027BAC311005BAA75 /* SceneDelegate.swift */,
				2A94CAF227BAC312005BAA75 /* ViewController.swift */,
				2A94CAF427BAC312005BAA75 /* Main.storyboard */,
				2AB092AE27C611900047A2C2 /* MovieGridCell.swift */,
				2AB092AC27C60D440047A2C2 /* MovieGridViewController.swift */,
				2AB092AA27C59EF10047A2C2 /* MovieDetailsViewController.swift */,
				2A94CB2627BAE29D005BAA75 /* MovieCell.swift */,
				2A94CB1E27BACB03005BAA75 /* MoviesViewController.swift */,
				2A94CAF727BAC314005BAA75 /* Assets.xcassets */,
				2A94CAF927BAC314005BAA75 /* LaunchScreen.storyboard */,
				2A94CAFC27BAC314005BAA75 /* Info.plist */,
			);
			path = Flix;
			sourceTree = "<group>";
		};
		2A94CB0427BAC314005BAA75 /* FlixTests */ = {
			isa = PBXGroup;
			children = (
				2A94CB0527BAC314005BAA75 /* FlixTests.swift */,
			);
			path = FlixTests;
			sourceTree = "<group>";
		};
		2A94CB0E27BAC314005BAA75 /* FlixUITests */ = {
			isa = PBXGroup;
			children = (
				2A94CB0F27BAC314005BAA75 /* FlixUITests.swift */,
				2A94CB1127BAC314005BAA75 /* FlixUITestsLaunchTests.swift */,
			);
			path = FlixUITests;
			sourceTree = "<group>";
		};
		EDC33C15F0098C18BD46EC96 /* Frameworks */ = {
			isa = PBXGroup;
			children = (
				21A9F17988360AE8E8828012 /* Pods_Flix.framework */,
				4EDB31070792082BC2548CD4 /* Pods_Flix_FlixUITests.framework */,
				CA9942DA37A4C93D39BF0D75 /* Pods_FlixTests.framework */,
			);
			name = Frameworks;
			sourceTree = "<group>";
		};
/* End PBXGroup section */

/* Begin PBXNativeTarget section */
		2A94CAEA27BAC311005BAA75 /* Flix */ = {
			isa = PBXNativeTarget;
			buildConfigurationList = 2A94CB1527BAC314005BAA75 /* Build configuration list for PBXNativeTarget "Flix" */;
			buildPhases = (
				7E080FBE3AB1FFAF9C4C38C9 /* [CP] Check Pods Manifest.lock */,
				2A94CAE727BAC311005BAA75 /* Sources */,
				2A94CAE827BAC311005BAA75 /* Frameworks */,
				2A94CAE927BAC311005BAA75 /* Resources */,
				6FC3C90ED6C1F9CCFCEA45F7 /* [CP] Embed Pods Frameworks */,
			);
			buildRules = (
			);
			dependencies = (
			);
			name = Flix;
			packageProductDependencies = (
				2A94CB2927BAE8C3005BAA75 /* AlamofireImage */,
			);
			productName = Flix;
			productReference = 2A94CAEB27BAC311005BAA75 /* Flix.app */;
			productType = "com.apple.product-type.application";
		};
		2A94CB0027BAC314005BAA75 /* FlixTests */ = {
			isa = PBXNativeTarget;
			buildConfigurationList = 2A94CB1827BAC314005BAA75 /* Build configuration list for PBXNativeTarget "FlixTests" */;
			buildPhases = (
				F342C49B339E96FABBA7A927 /* [CP] Check Pods Manifest.lock */,
				2A94CAFD27BAC314005BAA75 /* Sources */,
				2A94CAFE27BAC314005BAA75 /* Frameworks */,
				2A94CAFF27BAC314005BAA75 /* Resources */,
			);
			buildRules = (
			);
			dependencies = (
				2A94CB0327BAC314005BAA75 /* PBXTargetDependency */,
			);
			name = FlixTests;
			productName = FlixTests;
			productReference = 2A94CB0127BAC314005BAA75 /* FlixTests.xctest */;
			productType = "com.apple.product-type.bundle.unit-test";
		};
		2A94CB0A27BAC314005BAA75 /* FlixUITests */ = {
			isa = PBXNativeTarget;
			buildConfigurationList = 2A94CB1B27BAC314005BAA75 /* Build configuration list for PBXNativeTarget "FlixUITests" */;
			buildPhases = (
				347C8664751B5706F099768E /* [CP] Check Pods Manifest.lock */,
				2A94CB0727BAC314005BAA75 /* Sources */,
				2A94CB0827BAC314005BAA75 /* Frameworks */,
				2A94CB0927BAC314005BAA75 /* Resources */,
				DD47D21FD66FAC96FAB6B82E /* [CP] Embed Pods Frameworks */,
			);
			buildRules = (
			);
			dependencies = (
				2A94CB0D27BAC314005BAA75 /* PBXTargetDependency */,
			);
			name = FlixUITests;
			productName = FlixUITests;
			productReference = 2A94CB0B27BAC314005BAA75 /* FlixUITests.xctest */;
			productType = "com.apple.product-type.bundle.ui-testing";
		};
/* End PBXNativeTarget section */

/* Begin PBXProject section */
		2A94CAE327BAC311005BAA75 /* Project object */ = {
			isa = PBXProject;
			attributes = {
				BuildIndependentTargetsInParallel = 1;
				LastSwiftUpdateCheck = 1320;
				LastUpgradeCheck = 1320;
				TargetAttributes = {
					2A94CAEA27BAC311005BAA75 = {
						CreatedOnToolsVersion = 13.2.1;
					};
					2A94CB0027BAC314005BAA75 = {
						CreatedOnToolsVersion = 13.2.1;
						TestTargetID = 2A94CAEA27BAC311005BAA75;
					};
					2A94CB0A27BAC314005BAA75 = {
						CreatedOnToolsVersion = 13.2.1;
						TestTargetID = 2A94CAEA27BAC311005BAA75;
					};
				};
			};
			buildConfigurationList = 2A94CAE627BAC311005BAA75 /* Build configuration list for PBXProject "Flix" */;
			compatibilityVersion = "Xcode 13.0";
			developmentRegion = en;
			hasScannedForEncodings = 0;
			knownRegions = (
				en,
				Base,
			);
			mainGroup = 2A94CAE227BAC311005BAA75;
			packageReferences = (
				2A94CB2827BAE8C3005BAA75 /* XCRemoteSwiftPackageReference "AlamofireImage" */,
			);
			productRefGroup = 2A94CAEC27BAC311005BAA75 /* Products */;
			projectDirPath = "";
			projectRoot = "";
			targets = (
				2A94CAEA27BAC311005BAA75 /* Flix */,
				2A94CB0027BAC314005BAA75 /* FlixTests */,
				2A94CB0A27BAC314005BAA75 /* FlixUITests */,
			);
		};
/* End PBXProject section */

/* Begin PBXResourcesBuildPhase section */
		2A94CAE927BAC311005BAA75 /* Resources */ = {
			isa = PBXResourcesBuildPhase;
			buildActionMask = 2147483647;
			files = (
				2A94CAFB27BAC314005BAA75 /* LaunchScreen.storyboard in Resources */,
				2A94CAF827BAC314005BAA75 /* Assets.xcassets in Resources */,
				2A94CAF627BAC312005BAA75 /* Main.storyboard in Resources */,
			);
			runOnlyForDeploymentPostprocessing = 0;
		};
		2A94CAFF27BAC314005BAA75 /* Resources */ = {
			isa = PBXResourcesBuildPhase;
			buildActionMask = 2147483647;
			files = (
			);
			runOnlyForDeploymentPostprocessing = 0;
		};
		2A94CB0927BAC314005BAA75 /* Resources */ = {
			isa = PBXResourcesBuildPhase;
			buildActionMask = 2147483647;
			files = (
			);
			runOnlyForDeploymentPostprocessing = 0;
		};
/* End PBXResourcesBuildPhase section */

/* Begin PBXShellScriptBuildPhase section */
		347C8664751B5706F099768E /* [CP] Check Pods Manifest.lock */ = {
			isa = PBXShellScriptBuildPhase;
			buildActionMask = 2147483647;
			files = (
			);
			inputFileListPaths = (
			);
			inputPaths = (
				"${PODS_PODFILE_DIR_PATH}/Podfile.lock",
				"${PODS_ROOT}/Manifest.lock",
			);
			name = "[CP] Check Pods Manifest.lock";
			outputFileListPaths = (
			);
			outputPaths = (
				"$(DERIVED_FILE_DIR)/Pods-Flix-FlixUITests-checkManifestLockResult.txt",
			);
			runOnlyForDeploymentPostprocessing = 0;
			shellPath = /bin/sh;
			shellScript = "diff \"${PODS_PODFILE_DIR_PATH}/Podfile.lock\" \"${PODS_ROOT}/Manifest.lock\" > /dev/null\nif [ $? != 0 ] ; then\n    # print error to STDERR\n    echo \"error: The sandbox is not in sync with the Podfile.lock. Run 'pod install' or update your CocoaPods installation.\" >&2\n    exit 1\nfi\n# This output is used by Xcode 'outputs' to avoid re-running this script phase.\necho \"SUCCESS\" > \"${SCRIPT_OUTPUT_FILE_0}\"\n";
			showEnvVarsInLog = 0;
		};
		6FC3C90ED6C1F9CCFCEA45F7 /* [CP] Embed Pods Frameworks */ = {
			isa = PBXShellScriptBuildPhase;
			buildActionMask = 2147483647;
			files = (
			);
			inputFileListPaths = (
				"${PODS_ROOT}/Target Support Files/Pods-Flix/Pods-Flix-frameworks-${CONFIGURATION}-input-files.xcfilelist",
			);
			name = "[CP] Embed Pods Frameworks";
			outputFileListPaths = (
				"${PODS_ROOT}/Target Support Files/Pods-Flix/Pods-Flix-frameworks-${CONFIGURATION}-output-files.xcfilelist",
			);
			runOnlyForDeploymentPostprocessing = 0;
			shellPath = /bin/sh;
			shellScript = "\"${PODS_ROOT}/Target Support Files/Pods-Flix/Pods-Flix-frameworks.sh\"\n";
			showEnvVarsInLog = 0;
		};
		7E080FBE3AB1FFAF9C4C38C9 /* [CP] Check Pods Manifest.lock */ = {
			isa = PBXShellScriptBuildPhase;
			buildActionMask = 2147483647;
			files = (
			);
			inputFileListPaths = (
			);
			inputPaths = (
				"${PODS_PODFILE_DIR_PATH}/Podfile.lock",
				"${PODS_ROOT}/Manifest.lock",
			);
			name = "[CP] Check Pods Manifest.lock";
			outputFileListPaths = (
			);
			outputPaths = (
				"$(DERIVED_FILE_DIR)/Pods-Flix-checkManifestLockResult.txt",
			);
			runOnlyForDeploymentPostprocessing = 0;
			shellPath = /bin/sh;
			shellScript = "diff \"${PODS_PODFILE_DIR_PATH}/Podfile.lock\" \"${PODS_ROOT}/Manifest.lock\" > /dev/null\nif [ $? != 0 ] ; then\n    # print error to STDERR\n    echo \"error: The sandbox is not in sync with the Podfile.lock. Run 'pod install' or update your CocoaPods installation.\" >&2\n    exit 1\nfi\n# This output is used by Xcode 'outputs' to avoid re-running this script phase.\necho \"SUCCESS\" > \"${SCRIPT_OUTPUT_FILE_0}\"\n";
			showEnvVarsInLog = 0;
		};
		DD47D21FD66FAC96FAB6B82E /* [CP] Embed Pods Frameworks */ = {
			isa = PBXShellScriptBuildPhase;
			buildActionMask = 2147483647;
			files = (
			);
			inputFileListPaths = (
				"${PODS_ROOT}/Target Support Files/Pods-Flix-FlixUITests/Pods-Flix-FlixUITests-frameworks-${CONFIGURATION}-input-files.xcfilelist",
			);
			name = "[CP] Embed Pods Frameworks";
			outputFileListPaths = (
				"${PODS_ROOT}/Target Support Files/Pods-Flix-FlixUITests/Pods-Flix-FlixUITests-frameworks-${CONFIGURATION}-output-files.xcfilelist",
			);
			runOnlyForDeploymentPostprocessing = 0;
			shellPath = /bin/sh;
			shellScript = "\"${PODS_ROOT}/Target Support Files/Pods-Flix-FlixUITests/Pods-Flix-FlixUITests-frameworks.sh\"\n";
			showEnvVarsInLog = 0;
		};
		F342C49B339E96FABBA7A927 /* [CP] Check Pods Manifest.lock */ = {
			isa = PBXShellScriptBuildPhase;
			buildActionMask = 2147483647;
			files = (
			);
			inputFileListPaths = (
			);
			inputPaths = (
				"${PODS_PODFILE_DIR_PATH}/Podfile.lock",
				"${PODS_ROOT}/Manifest.lock",
			);
			name = "[CP] Check Pods Manifest.lock";
			outputFileListPaths = (
			);
			outputPaths = (
				"$(DERIVED_FILE_DIR)/Pods-FlixTests-checkManifestLockResult.txt",
			);
			runOnlyForDeploymentPostprocessing = 0;
			shellPath = /bin/sh;
			shellScript = "diff \"${PODS_PODFILE_DIR_PATH}/Podfile.lock\" \"${PODS_ROOT}/Manifest.lock\" > /dev/null\nif [ $? != 0 ] ; then\n    # print error to STDERR\n    echo \"error: The sandbox is not in sync with the Podfile.lock. Run 'pod install' or update your CocoaPods installation.\" >&2\n    exit 1\nfi\n# This output is used by Xcode 'outputs' to avoid re-running this script phase.\necho \"SUCCESS\" > \"${SCRIPT_OUTPUT_FILE_0}\"\n";
			showEnvVarsInLog = 0;
		};
/* End PBXShellScriptBuildPhase section */

/* Begin PBXSourcesBuildPhase section */
		2A94CAE727BAC311005BAA75 /* Sources */ = {
			isa = PBXSourcesBuildPhase;
			buildActionMask = 2147483647;
			files = (
				2A94CAF327BAC312005BAA75 /* ViewController.swift in Sources */,
				2A94CAEF27BAC311005BAA75 /* AppDelegate.swift in Sources */,
				2AB092AB27C59EF10047A2C2 /* MovieDetailsViewController.swift in Sources */,
				2AB092AD27C60D440047A2C2 /* MovieGridViewController.swift in Sources */,
				2AB092AF27C611900047A2C2 /* MovieGridCell.swift in Sources */,
				2A94CAF127BAC311005BAA75 /* SceneDelegate.swift in Sources */,
				2A94CB2727BAE29D005BAA75 /* MovieCell.swift in Sources */,
				2A94CB1F27BACB03005BAA75 /* MoviesViewController.swift in Sources */,
			);
			runOnlyForDeploymentPostprocessing = 0;
		};
		2A94CAFD27BAC314005BAA75 /* Sources */ = {
			isa = PBXSourcesBuildPhase;
			buildActionMask = 2147483647;
			files = (
				2A94CB0627BAC314005BAA75 /* FlixTests.swift in Sources */,
			);
			runOnlyForDeploymentPostprocessing = 0;
		};
		2A94CB0727BAC314005BAA75 /* Sources */ = {
			isa = PBXSourcesBuildPhase;
			buildActionMask = 2147483647;
			files = (
				2A94CB1027BAC314005BAA75 /* FlixUITests.swift in Sources */,
				2A94CB1227BAC314005BAA75 /* FlixUITestsLaunchTests.swift in Sources */,
			);
			runOnlyForDeploymentPostprocessing = 0;
		};
/* End PBXSourcesBuildPhase section */

/* Begin PBXTargetDependency section */
		2A94CB0327BAC314005BAA75 /* PBXTargetDependency */ = {
			isa = PBXTargetDependency;
			target = 2A94CAEA27BAC311005BAA75 /* Flix */;
			targetProxy = 2A94CB0227BAC314005BAA75 /* PBXContainerItemProxy */;
		};
		2A94CB0D27BAC314005BAA75 /* PBXTargetDependency */ = {
			isa = PBXTargetDependency;
			target = 2A94CAEA27BAC311005BAA75 /* Flix */;
			targetProxy = 2A94CB0C27BAC314005BAA75 /* PBXContainerItemProxy */;
		};
/* End PBXTargetDependency section */

/* Begin PBXVariantGroup section */
		2A94CAF427BAC312005BAA75 /* Main.storyboard */ = {
			isa = PBXVariantGroup;
			children = (
				2A94CAF527BAC312005BAA75 /* Base */,
			);
			name = Main.storyboard;
			sourceTree = "<group>";
		};
		2A94CAF927BAC314005BAA75 /* LaunchScreen.storyboard */ = {
			isa = PBXVariantGroup;
			children = (
				2A94CAFA27BAC314005BAA75 /* Base */,
			);
			name = LaunchScreen.storyboard;
			sourceTree = "<group>";
		};
/* End PBXVariantGroup section */

/* Begin XCBuildConfiguration section */
		2A94CB1327BAC314005BAA75 /* Debug */ = {
			isa = XCBuildConfiguration;
			buildSettings = {
				ALWAYS_SEARCH_USER_PATHS = NO;
				CLANG_ANALYZER_NONNULL = YES;
				CLANG_ANALYZER_NUMBER_OBJECT_CONVERSION = YES_AGGRESSIVE;
				CLANG_CXX_LANGUAGE_STANDARD = "gnu++17";
				CLANG_CXX_LIBRARY = "libc++";
				CLANG_ENABLE_MODULES = YES;
				CLANG_ENABLE_OBJC_ARC = YES;
				CLANG_ENABLE_OBJC_WEAK = YES;
				CLANG_WARN_BLOCK_CAPTURE_AUTORELEASING = YES;
				CLANG_WARN_BOOL_CONVERSION = YES;
				CLANG_WARN_COMMA = YES;
				CLANG_WARN_CONSTANT_CONVERSION = YES;
				CLANG_WARN_DEPRECATED_OBJC_IMPLEMENTATIONS = YES;
				CLANG_WARN_DIRECT_OBJC_ISA_USAGE = YES_ERROR;
				CLANG_WARN_DOCUMENTATION_COMMENTS = YES;
				CLANG_WARN_EMPTY_BODY = YES;
				CLANG_WARN_ENUM_CONVERSION = YES;
				CLANG_WARN_INFINITE_RECURSION = YES;
				CLANG_WARN_INT_CONVERSION = YES;
				CLANG_WARN_NON_LITERAL_NULL_CONVERSION = YES;
				CLANG_WARN_OBJC_IMPLICIT_RETAIN_SELF = YES;
				CLANG_WARN_OBJC_LITERAL_CONVERSION = YES;
				CLANG_WARN_OBJC_ROOT_CLASS = YES_ERROR;
				CLANG_WARN_QUOTED_INCLUDE_IN_FRAMEWORK_HEADER = YES;
				CLANG_WARN_RANGE_LOOP_ANALYSIS = YES;
				CLANG_WARN_STRICT_PROTOTYPES = YES;
				CLANG_WARN_SUSPICIOUS_MOVE = YES;
				CLANG_WARN_UNGUARDED_AVAILABILITY = YES_AGGRESSIVE;
				CLANG_WARN_UNREACHABLE_CODE = YES;
				CLANG_WARN__DUPLICATE_METHOD_MATCH = YES;
				COPY_PHASE_STRIP = NO;
				DEBUG_INFORMATION_FORMAT = dwarf;
				ENABLE_STRICT_OBJC_MSGSEND = YES;
				ENABLE_TESTABILITY = YES;
				GCC_C_LANGUAGE_STANDARD = gnu11;
				GCC_DYNAMIC_NO_PIC = NO;
				GCC_NO_COMMON_BLOCKS = YES;
				GCC_OPTIMIZATION_LEVEL = 0;
				GCC_PREPROCESSOR_DEFINITIONS = (
					"DEBUG=1",
					"$(inherited)",
				);
				GCC_WARN_64_TO_32_BIT_CONVERSION = YES;
				GCC_WARN_ABOUT_RETURN_TYPE = YES_ERROR;
				GCC_WARN_UNDECLARED_SELECTOR = YES;
				GCC_WARN_UNINITIALIZED_AUTOS = YES_AGGRESSIVE;
				GCC_WARN_UNUSED_FUNCTION = YES;
				GCC_WARN_UNUSED_VARIABLE = YES;
				IPHONEOS_DEPLOYMENT_TARGET = 15.2;
				MTL_ENABLE_DEBUG_INFO = INCLUDE_SOURCE;
				MTL_FAST_MATH = YES;
				ONLY_ACTIVE_ARCH = YES;
				SDKROOT = iphoneos;
				SWIFT_ACTIVE_COMPILATION_CONDITIONS = DEBUG;
				SWIFT_OPTIMIZATION_LEVEL = "-Onone";
			};
			name = Debug;
		};
		2A94CB1427BAC314005BAA75 /* Release */ = {
			isa = XCBuildConfiguration;
			buildSettings = {
				ALWAYS_SEARCH_USER_PATHS = NO;
				CLANG_ANALYZER_NONNULL = YES;
				CLANG_ANALYZER_NUMBER_OBJECT_CONVERSION = YES_AGGRESSIVE;
				CLANG_CXX_LANGUAGE_STANDARD = "gnu++17";
				CLANG_CXX_LIBRARY = "libc++";
				CLANG_ENABLE_MODULES = YES;
				CLANG_ENABLE_OBJC_ARC = YES;
				CLANG_ENABLE_OBJC_WEAK = YES;
				CLANG_WARN_BLOCK_CAPTURE_AUTORELEASING = YES;
				CLANG_WARN_BOOL_CONVERSION = YES;
				CLANG_WARN_COMMA = YES;
				CLANG_WARN_CONSTANT_CONVERSION = YES;
				CLANG_WARN_DEPRECATED_OBJC_IMPLEMENTATIONS = YES;
				CLANG_WARN_DIRECT_OBJC_ISA_USAGE = YES_ERROR;
				CLANG_WARN_DOCUMENTATION_COMMENTS = YES;
				CLANG_WARN_EMPTY_BODY = YES;
				CLANG_WARN_ENUM_CONVERSION = YES;
				CLANG_WARN_INFINITE_RECURSION = YES;
				CLANG_WARN_INT_CONVERSION = YES;
				CLANG_WARN_NON_LITERAL_NULL_CONVERSION = YES;
				CLANG_WARN_OBJC_IMPLICIT_RETAIN_SELF = YES;
				CLANG_WARN_OBJC_LITERAL_CONVERSION = YES;
				CLANG_WARN_OBJC_ROOT_CLASS = YES_ERROR;
				CLANG_WARN_QUOTED_INCLUDE_IN_FRAMEWORK_HEADER = YES;
				CLANG_WARN_RANGE_LOOP_ANALYSIS = YES;
				CLANG_WARN_STRICT_PROTOTYPES = YES;
				CLANG_WARN_SUSPICIOUS_MOVE = YES;
				CLANG_WARN_UNGUARDED_AVAILABILITY = YES_AGGRESSIVE;
				CLANG_WARN_UNREACHABLE_CODE = YES;
				CLANG_WARN__DUPLICATE_METHOD_MATCH = YES;
				COPY_PHASE_STRIP = NO;
				DEBUG_INFORMATION_FORMAT = "dwarf-with-dsym";
				ENABLE_NS_ASSERTIONS = NO;
				ENABLE_STRICT_OBJC_MSGSEND = YES;
				GCC_C_LANGUAGE_STANDARD = gnu11;
				GCC_NO_COMMON_BLOCKS = YES;
				GCC_WARN_64_TO_32_BIT_CONVERSION = YES;
				GCC_WARN_ABOUT_RETURN_TYPE = YES_ERROR;
				GCC_WARN_UNDECLARED_SELECTOR = YES;
				GCC_WARN_UNINITIALIZED_AUTOS = YES_AGGRESSIVE;
				GCC_WARN_UNUSED_FUNCTION = YES;
				GCC_WARN_UNUSED_VARIABLE = YES;
				IPHONEOS_DEPLOYMENT_TARGET = 15.2;
				MTL_ENABLE_DEBUG_INFO = NO;
				MTL_FAST_MATH = YES;
				SDKROOT = iphoneos;
				SWIFT_COMPILATION_MODE = wholemodule;
				SWIFT_OPTIMIZATION_LEVEL = "-O";
				VALIDATE_PRODUCT = YES;
			};
			name = Release;
		};
		2A94CB1627BAC314005BAA75 /* Debug */ = {
			isa = XCBuildConfiguration;
			baseConfigurationReference = 1C27C5940E970D6D089736FC /* Pods-Flix.debug.xcconfig */;
			buildSettings = {
				ASSETCATALOG_COMPILER_APPICON_NAME = AppIcon;
				ASSETCATALOG_COMPILER_GLOBAL_ACCENT_COLOR_NAME = AccentColor;
				CODE_SIGN_STYLE = Automatic;
				CURRENT_PROJECT_VERSION = 1;
				DEVELOPMENT_TEAM = NJS3W95MC4;
				GENERATE_INFOPLIST_FILE = YES;
				INFOPLIST_FILE = Flix/Info.plist;
				INFOPLIST_KEY_UIApplicationSupportsIndirectInputEvents = YES;
				INFOPLIST_KEY_UILaunchStoryboardName = LaunchScreen;
				INFOPLIST_KEY_UIMainStoryboardFile = Main;
				INFOPLIST_KEY_UISupportedInterfaceOrientations_iPad = "UIInterfaceOrientationPortrait UIInterfaceOrientationPortraitUpsideDown UIInterfaceOrientationLandscapeLeft UIInterfaceOrientationLandscapeRight";
				INFOPLIST_KEY_UISupportedInterfaceOrientations_iPhone = "UIInterfaceOrientationPortrait UIInterfaceOrientationLandscapeLeft UIInterfaceOrientationLandscapeRight";
				LD_RUNPATH_SEARCH_PATHS = (
					"$(inherited)",
					"@executable_path/Frameworks",
				);
				MARKETING_VERSION = 1.0;
				PRODUCT_BUNDLE_IDENTIFIER = com.arionmercado.Flix;
				PRODUCT_NAME = "$(TARGET_NAME)";
				SWIFT_EMIT_LOC_STRINGS = YES;
				SWIFT_VERSION = 5.0;
				TARGETED_DEVICE_FAMILY = "1,2";
			};
			name = Debug;
		};
		2A94CB1727BAC314005BAA75 /* Release */ = {
			isa = XCBuildConfiguration;
			baseConfigurationReference = 8A6C8FB23EA5103872E05B78 /* Pods-Flix.release.xcconfig */;
			buildSettings = {
				ASSETCATALOG_COMPILER_APPICON_NAME = AppIcon;
				ASSETCATALOG_COMPILER_GLOBAL_ACCENT_COLOR_NAME = AccentColor;
				CODE_SIGN_STYLE = Automatic;
				CURRENT_PROJECT_VERSION = 1;
				DEVELOPMENT_TEAM = NJS3W95MC4;
				GENERATE_INFOPLIST_FILE = YES;
				INFOPLIST_FILE = Flix/Info.plist;
				INFOPLIST_KEY_UIApplicationSupportsIndirectInputEvents = YES;
				INFOPLIST_KEY_UILaunchStoryboardName = LaunchScreen;
				INFOPLIST_KEY_UIMainStoryboardFile = Main;
				INFOPLIST_KEY_UISupportedInterfaceOrientations_iPad = "UIInterfaceOrientationPortrait UIInterfaceOrientationPortraitUpsideDown UIInterfaceOrientationLandscapeLeft UIInterfaceOrientationLandscapeRight";
				INFOPLIST_KEY_UISupportedInterfaceOrientations_iPhone = "UIInterfaceOrientationPortrait UIInterfaceOrientationLandscapeLeft UIInterfaceOrientationLandscapeRight";
				LD_RUNPATH_SEARCH_PATHS = (
					"$(inherited)",
					"@executable_path/Frameworks",
				);
				MARKETING_VERSION = 1.0;
				PRODUCT_BUNDLE_IDENTIFIER = com.arionmercado.Flix;
				PRODUCT_NAME = "$(TARGET_NAME)";
				SWIFT_EMIT_LOC_STRINGS = YES;
				SWIFT_VERSION = 5.0;
				TARGETED_DEVICE_FAMILY = "1,2";
			};
			name = Release;
		};
		2A94CB1927BAC314005BAA75 /* Debug */ = {
			isa = XCBuildConfiguration;
			baseConfigurationReference = F45614600C00CC451F5B6861 /* Pods-FlixTests.debug.xcconfig */;
			buildSettings = {
				ALWAYS_EMBED_SWIFT_STANDARD_LIBRARIES = YES;
				BUNDLE_LOADER = "$(TEST_HOST)";
				CODE_SIGN_STYLE = Automatic;
				CURRENT_PROJECT_VERSION = 1;
				DEVELOPMENT_TEAM = NJS3W95MC4;
				GENERATE_INFOPLIST_FILE = YES;
				IPHONEOS_DEPLOYMENT_TARGET = 15.2;
				MARKETING_VERSION = 1.0;
				PRODUCT_BUNDLE_IDENTIFIER = com.arionmercado.FlixTests;
				PRODUCT_NAME = "$(TARGET_NAME)";
				SWIFT_EMIT_LOC_STRINGS = NO;
				SWIFT_VERSION = 5.0;
				TARGETED_DEVICE_FAMILY = "1,2";
				TEST_HOST = "$(BUILT_PRODUCTS_DIR)/Flix.app/Flix";
			};
			name = Debug;
		};
		2A94CB1A27BAC314005BAA75 /* Release */ = {
			isa = XCBuildConfiguration;
			baseConfigurationReference = 8B80FB8BF6F795E17296C05D /* Pods-FlixTests.release.xcconfig */;
			buildSettings = {
				ALWAYS_EMBED_SWIFT_STANDARD_LIBRARIES = YES;
				BUNDLE_LOADER = "$(TEST_HOST)";
				CODE_SIGN_STYLE = Automatic;
				CURRENT_PROJECT_VERSION = 1;
				DEVELOPMENT_TEAM = NJS3W95MC4;
				GENERATE_INFOPLIST_FILE = YES;
				IPHONEOS_DEPLOYMENT_TARGET = 15.2;
				MARKETING_VERSION = 1.0;
				PRODUCT_BUNDLE_IDENTIFIER = com.arionmercado.FlixTests;
				PRODUCT_NAME = "$(TARGET_NAME)";
				SWIFT_EMIT_LOC_STRINGS = NO;
				SWIFT_VERSION = 5.0;
				TARGETED_DEVICE_FAMILY = "1,2";
				TEST_HOST = "$(BUILT_PRODUCTS_DIR)/Flix.app/Flix";
			};
			name = Release;
		};
		2A94CB1C27BAC314005BAA75 /* Debug */ = {
			isa = XCBuildConfiguration;
			baseConfigurationReference = AE8F2EA5205917BE146E81D4 /* Pods-Flix-FlixUITests.debug.xcconfig */;
			buildSettings = {
				ALWAYS_EMBED_SWIFT_STANDARD_LIBRARIES = YES;
				CODE_SIGN_STYLE = Automatic;
				CURRENT_PROJECT_VERSION = 1;
				DEVELOPMENT_TEAM = NJS3W95MC4;
				GENERATE_INFOPLIST_FILE = YES;
				MARKETING_VERSION = 1.0;
				PRODUCT_BUNDLE_IDENTIFIER = com.arionmercado.FlixUITests;
				PRODUCT_NAME = "$(TARGET_NAME)";
				SWIFT_EMIT_LOC_STRINGS = NO;
				SWIFT_VERSION = 5.0;
				TARGETED_DEVICE_FAMILY = "1,2";
				TEST_TARGET_NAME = Flix;
			};
			name = Debug;
		};
		2A94CB1D27BAC314005BAA75 /* Release */ = {
			isa = XCBuildConfiguration;
			baseConfigurationReference = 62B153699EAF05EB0488B7E3 /* Pods-Flix-FlixUITests.release.xcconfig */;
			buildSettings = {
				ALWAYS_EMBED_SWIFT_STANDARD_LIBRARIES = YES;
				CODE_SIGN_STYLE = Automatic;
				CURRENT_PROJECT_VERSION = 1;
				DEVELOPMENT_TEAM = NJS3W95MC4;
				GENERATE_INFOPLIST_FILE = YES;
				MARKETING_VERSION = 1.0;
				PRODUCT_BUNDLE_IDENTIFIER = com.arionmercado.FlixUITests;
				PRODUCT_NAME = "$(TARGET_NAME)";
				SWIFT_EMIT_LOC_STRINGS = NO;
				SWIFT_VERSION = 5.0;
				TARGETED_DEVICE_FAMILY = "1,2";
				TEST_TARGET_NAME = Flix;
			};
			name = Release;
		};
/* End XCBuildConfiguration section */

/* Begin XCConfigurationList section */
		2A94CAE627BAC311005BAA75 /* Build configuration list for PBXProject "Flix" */ = {
			isa = XCConfigurationList;
			buildConfigurations = (
				2A94CB1327BAC314005BAA75 /* Debug */,
				2A94CB1427BAC314005BAA75 /* Release */,
			);
			defaultConfigurationIsVisible = 0;
			defaultConfigurationName = Release;
		};
		2A94CB1527BAC314005BAA75 /* Build configuration list for PBXNativeTarget "Flix" */ = {
			isa = XCConfigurationList;
			buildConfigurations = (
				2A94CB1627BAC314005BAA75 /* Debug */,
				2A94CB1727BAC314005BAA75 /* Release */,
			);
			defaultConfigurationIsVisible = 0;
			defaultConfigurationName = Release;
		};
		2A94CB1827BAC314005BAA75 /* Build configuration list for PBXNativeTarget "FlixTests" */ = {
			isa = XCConfigurationList;
			buildConfigurations = (
				2A94CB1927BAC314005BAA75 /* Debug */,
				2A94CB1A27BAC314005BAA75 /* Release */,
			);
			defaultConfigurationIsVisible = 0;
			defaultConfigurationName = Release;
		};
		2A94CB1B27BAC314005BAA75 /* Build configuration list for PBXNativeTarget "FlixUITests" */ = {
			isa = XCConfigurationList;
			buildConfigurations = (
				2A94CB1C27BAC314005BAA75 /* Debug */,
				2A94CB1D27BAC314005BAA75 /* Release */,
			);
			defaultConfigurationIsVisible = 0;
			defaultConfigurationName = Release;
		};
/* End XCConfigurationList section */

/* Begin XCRemoteSwiftPackageReference section */
		2A94CB2827BAE8C3005BAA75 /* XCRemoteSwiftPackageReference "AlamofireImage" */ = {
			isa = XCRemoteSwiftPackageReference;
			repositoryURL = "https://github.com/Alamofire/AlamofireImage";
			requirement = {
				kind = upToNextMajorVersion;
				minimumVersion = 4.0.0;
			};
		};
/* End XCRemoteSwiftPackageReference section */

/* Begin XCSwiftPackageProductDependency section */
		2A94CB2927BAE8C3005BAA75 /* AlamofireImage */ = {
			isa = XCSwiftPackageProductDependency;
			package = 2A94CB2827BAE8C3005BAA75 /* XCRemoteSwiftPackageReference "AlamofireImage" */;
			productName = AlamofireImage;
		};
/* End XCSwiftPackageProductDependency section */
	};
	rootObject = 2A94CAE327BAC311005BAA75 /* Project object */;
}
